// !$*UTF8*$!
{
	archiveVersion = 1;
	classes = {
	};
	objectVersion = 56;
	objects = {

/* Begin PBXBuildFile section */
		2C227BB229C6253700EE1822 /* CustomAnimationView.swift in Sources */ = {isa = PBXBuildFile; fileRef = 2C227BB129C6253700EE1822 /* CustomAnimationView.swift */; };
		2C533D5B2A7A56EB00EA0944 /* ExpensesRow.swift in Sources */ = {isa = PBXBuildFile; fileRef = 2C533D5A2A7A56EB00EA0944 /* ExpensesRow.swift */; };
		2C533D5D2A7A58F300EA0944 /* DateFormator.swift in Sources */ = {isa = PBXBuildFile; fileRef = 2C533D5C2A7A58F300EA0944 /* DateFormator.swift */; };
		2C64B3AE295032E600E8C770 /* ExpensesListApp.swift in Sources */ = {isa = PBXBuildFile; fileRef = 2C64B3AD295032E600E8C770 /* ExpensesListApp.swift */; };
		2C64B3B0295032E600E8C770 /* ExpensesView.swift in Sources */ = {isa = PBXBuildFile; fileRef = 2C64B3AF295032E600E8C770 /* ExpensesView.swift */; };
		2C64B3B2295032E700E8C770 /* Assets.xcassets in Resources */ = {isa = PBXBuildFile; fileRef = 2C64B3B1295032E700E8C770 /* Assets.xcassets */; };
		2C64B3B5295032E700E8C770 /* Preview Assets.xcassets in Resources */ = {isa = PBXBuildFile; fileRef = 2C64B3B4295032E700E8C770 /* Preview Assets.xcassets */; };
		2C64B3BC2950350800E8C770 /* AddView.swift in Sources */ = {isa = PBXBuildFile; fileRef = 2C64B3BB2950350800E8C770 /* AddView.swift */; };
		2C663D4E298EA5A0001DFDC8 /* ExpensesModel.swift in Sources */ = {isa = PBXBuildFile; fileRef = 2C663D4D298EA5A0001DFDC8 /* ExpensesModel.swift */; };
		2C663D51298EA817001DFDC8 /* TextFieldModifier.swift in Sources */ = {isa = PBXBuildFile; fileRef = 2C663D50298EA817001DFDC8 /* TextFieldModifier.swift */; };
		2C6FE71F29C743EF00ED98B4 /* Greeting.swift in Sources */ = {isa = PBXBuildFile; fileRef = 2C6FE71E29C743EF00ED98B4 /* Greeting.swift */; };
		2C82B5F32A6E5754005AA96E /* Lugrasimo-Regular.ttf in Resources */ = {isa = PBXBuildFile; fileRef = 2C82B5F22A6E56DF005AA96E /* Lugrasimo-Regular.ttf */; };
		2C82B5FB2A6E5F29005AA96E /* Modifiers.swift in Sources */ = {isa = PBXBuildFile; fileRef = 2C82B5FA2A6E5F29005AA96E /* Modifiers.swift */; };
		2C92724929AFAE1A004E64BB /* AddViewModel.swift in Sources */ = {isa = PBXBuildFile; fileRef = 2C92724829AFAE1A004E64BB /* AddViewModel.swift */; };
		2C92724B29AFAE43004E64BB /* AddModel.swift in Sources */ = {isa = PBXBuildFile; fileRef = 2C92724A29AFAE43004E64BB /* AddModel.swift */; };
		2CB4140E2959DAF4009B0D13 /* ExpensesViewModel.swift in Sources */ = {isa = PBXBuildFile; fileRef = 2CB4140D2959DAF4009B0D13 /* ExpensesViewModel.swift */; };
		2CDCF0E029C7A04600914E5B /* Background.swift in Sources */ = {isa = PBXBuildFile; fileRef = 2CDCF0DF29C7A04600914E5B /* Background.swift */; };
		2CDCF0E229C7A0B200914E5B /* CustomPath.swift in Sources */ = {isa = PBXBuildFile; fileRef = 2CDCF0E129C7A0B200914E5B /* CustomPath.swift */; };
/* End PBXBuildFile section */

/* Begin PBXFileReference section */
		2C227BB129C6253700EE1822 /* CustomAnimationView.swift */ = {isa = PBXFileReference; lastKnownFileType = sourcecode.swift; path = CustomAnimationView.swift; sourceTree = "<group>"; };
		2C533D5A2A7A56EB00EA0944 /* ExpensesRow.swift */ = {isa = PBXFileReference; lastKnownFileType = sourcecode.swift; path = ExpensesRow.swift; sourceTree = "<group>"; };
		2C533D5C2A7A58F300EA0944 /* DateFormator.swift */ = {isa = PBXFileReference; lastKnownFileType = sourcecode.swift; path = DateFormator.swift; sourceTree = "<group>"; };
		2C64B3AA295032E600E8C770 /* ExpensesList.app */ = {isa = PBXFileReference; explicitFileType = wrapper.application; includeInIndex = 0; path = ExpensesList.app; sourceTree = BUILT_PRODUCTS_DIR; };
		2C64B3AD295032E600E8C770 /* ExpensesListApp.swift */ = {isa = PBXFileReference; lastKnownFileType = sourcecode.swift; path = ExpensesListApp.swift; sourceTree = "<group>"; };
		2C64B3AF295032E600E8C770 /* ExpensesView.swift */ = {isa = PBXFileReference; lastKnownFileType = sourcecode.swift; path = ExpensesView.swift; sourceTree = "<group>"; };
		2C64B3B1295032E700E8C770 /* Assets.xcassets */ = {isa = PBXFileReference; lastKnownFileType = folder.assetcatalog; path = Assets.xcassets; sourceTree = "<group>"; };
		2C64B3B4295032E700E8C770 /* Preview Assets.xcassets */ = {isa = PBXFileReference; lastKnownFileType = folder.assetcatalog; path = "Preview Assets.xcassets"; sourceTree = "<group>"; };
		2C64B3BB2950350800E8C770 /* AddView.swift */ = {isa = PBXFileReference; lastKnownFileType = sourcecode.swift; path = AddView.swift; sourceTree = "<group>"; };
		2C663D4D298EA5A0001DFDC8 /* ExpensesModel.swift */ = {isa = PBXFileReference; lastKnownFileType = sourcecode.swift; path = ExpensesModel.swift; sourceTree = "<group>"; };
		2C663D50298EA817001DFDC8 /* TextFieldModifier.swift */ = {isa = PBXFileReference; lastKnownFileType = sourcecode.swift; path = TextFieldModifier.swift; sourceTree = "<group>"; };
		2C663D53298EA98E001DFDC8 /* Info.plist */ = {isa = PBXFileReference; lastKnownFileType = text.plist.xml; path = Info.plist; sourceTree = "<group>"; };
		2C6FE71E29C743EF00ED98B4 /* Greeting.swift */ = {isa = PBXFileReference; lastKnownFileType = sourcecode.swift; path = Greeting.swift; sourceTree = "<group>"; };
		2C82B5F22A6E56DF005AA96E /* Lugrasimo-Regular.ttf */ = {isa = PBXFileReference; lastKnownFileType = file; path = "Lugrasimo-Regular.ttf"; sourceTree = "<group>"; };
		2C82B5FA2A6E5F29005AA96E /* Modifiers.swift */ = {isa = PBXFileReference; lastKnownFileType = sourcecode.swift; path = Modifiers.swift; sourceTree = "<group>"; };
		2C92724829AFAE1A004E64BB /* AddViewModel.swift */ = {isa = PBXFileReference; lastKnownFileType = sourcecode.swift; path = AddViewModel.swift; sourceTree = "<group>"; };
		2C92724A29AFAE43004E64BB /* AddModel.swift */ = {isa = PBXFileReference; lastKnownFileType = sourcecode.swift; path = AddModel.swift; sourceTree = "<group>"; };
		2CB4140D2959DAF4009B0D13 /* ExpensesViewModel.swift */ = {isa = PBXFileReference; lastKnownFileType = sourcecode.swift; path = ExpensesViewModel.swift; sourceTree = "<group>"; };
		2CDCF0DF29C7A04600914E5B /* Background.swift */ = {isa = PBXFileReference; lastKnownFileType = sourcecode.swift; path = Background.swift; sourceTree = "<group>"; };
		2CDCF0E129C7A0B200914E5B /* CustomPath.swift */ = {isa = PBXFileReference; lastKnownFileType = sourcecode.swift; path = CustomPath.swift; sourceTree = "<group>"; };
/* End PBXFileReference section */

/* Begin PBXFrameworksBuildPhase section */
		2C64B3A7295032E600E8C770 /* Frameworks */ = {
			isa = PBXFrameworksBuildPhase;
			buildActionMask = 2147483647;
			files = (
			);
			runOnlyForDeploymentPostprocessing = 0;
		};
/* End PBXFrameworksBuildPhase section */

/* Begin PBXGroup section */
		2C3BBD882A39E6540025192D /* Source */ = {
			isa = PBXGroup;
			children = (
				2C82B5F12A6E56BE005AA96E /* Font */,
				2C64B3B3295032E700E8C770 /* Preview Content */,
				2C663D53298EA98E001DFDC8 /* Info.plist */,
				2C64B3B1295032E700E8C770 /* Assets.xcassets */,
				2C64B3AD295032E600E8C770 /* ExpensesListApp.swift */,
			);
			path = Source;
			sourceTree = "<group>";
		};
		2C64B3A1295032E600E8C770 = {
			isa = PBXGroup;
			children = (
				2C64B3AC295032E600E8C770 /* ExpensesList */,
				2C64B3AB295032E600E8C770 /* Products */,
			);
			sourceTree = "<group>";
		};
		2C64B3AB295032E600E8C770 /* Products */ = {
			isa = PBXGroup;
			children = (
				2C64B3AA295032E600E8C770 /* ExpensesList.app */,
			);
			name = Products;
			sourceTree = "<group>";
		};
		2C64B3AC295032E600E8C770 /* ExpensesList */ = {
			isa = PBXGroup;
			children = (
				2C3BBD882A39E6540025192D /* Source */,
				2C663D52298EA81C001DFDC8 /* Utility */,
				2C663D4B298EA536001DFDC8 /* View */,
				2C663D4C298EA574001DFDC8 /* ViewModel */,
				2C663D4F298EA619001DFDC8 /* Model */,
			);
			path = ExpensesList;
			sourceTree = "<group>";
		};
		2C64B3B3295032E700E8C770 /* Preview Content */ = {
			isa = PBXGroup;
			children = (
				2C64B3B4295032E700E8C770 /* Preview Assets.xcassets */,
			);
			path = "Preview Content";
			sourceTree = "<group>";
		};
		2C663D4B298EA536001DFDC8 /* View */ = {
			isa = PBXGroup;
			children = (
				2C64B3AF295032E600E8C770 /* ExpensesView.swift */,
				2C64B3BB2950350800E8C770 /* AddView.swift */,
				2C533D5A2A7A56EB00EA0944 /* ExpensesRow.swift */,
			);
			path = View;
			sourceTree = "<group>";
		};
		2C663D4C298EA574001DFDC8 /* ViewModel */ = {
			isa = PBXGroup;
			children = (
				2CB4140D2959DAF4009B0D13 /* ExpensesViewModel.swift */,
				2C92724829AFAE1A004E64BB /* AddViewModel.swift */,
			);
			path = ViewModel;
			sourceTree = "<group>";
		};
		2C663D4F298EA619001DFDC8 /* Model */ = {
			isa = PBXGroup;
			children = (
				2C663D4D298EA5A0001DFDC8 /* ExpensesModel.swift */,
				2C92724A29AFAE43004E64BB /* AddModel.swift */,
			);
			path = Model;
			sourceTree = "<group>";
		};
		2C663D52298EA81C001DFDC8 /* Utility */ = {
			isa = PBXGroup;
			children = (
				2C227BB129C6253700EE1822 /* CustomAnimationView.swift */,
				2C663D50298EA817001DFDC8 /* TextFieldModifier.swift */,
				2C6FE71E29C743EF00ED98B4 /* Greeting.swift */,
				2CDCF0E129C7A0B200914E5B /* CustomPath.swift */,
				2CDCF0DF29C7A04600914E5B /* Background.swift */,
				2C82B5FA2A6E5F29005AA96E /* Modifiers.swift */,
				2C533D5C2A7A58F300EA0944 /* DateFormator.swift */,
			);
			path = Utility;
			sourceTree = "<group>";
		};
		2C82B5F12A6E56BE005AA96E /* Font */ = {
			isa = PBXGroup;
			children = (
				2C82B5F22A6E56DF005AA96E /* Lugrasimo-Regular.ttf */,
			);
			path = Font;
			sourceTree = "<group>";
		};
/* End PBXGroup section */

/* Begin PBXNativeTarget section */
		2C64B3A9295032E600E8C770 /* ExpensesList */ = {
			isa = PBXNativeTarget;
			buildConfigurationList = 2C64B3B8295032E700E8C770 /* Build configuration list for PBXNativeTarget "ExpensesList" */;
			buildPhases = (
				2C64B3A6295032E600E8C770 /* Sources */,
				2C64B3A7295032E600E8C770 /* Frameworks */,
				2C64B3A8295032E600E8C770 /* Resources */,
			);
			buildRules = (
			);
			dependencies = (
			);
			name = ExpensesList;
			productName = ExpensesList;
			productReference = 2C64B3AA295032E600E8C770 /* ExpensesList.app */;
			productType = "com.apple.product-type.application";
		};
/* End PBXNativeTarget section */

/* Begin PBXProject section */
		2C64B3A2295032E600E8C770 /* Project object */ = {
			isa = PBXProject;
			attributes = {
				BuildIndependentTargetsInParallel = 1;
				LastSwiftUpdateCheck = 1410;
				LastUpgradeCheck = 1410;
				TargetAttributes = {
					2C64B3A9295032E600E8C770 = {
						CreatedOnToolsVersion = 14.1;
					};
				};
			};
			buildConfigurationList = 2C64B3A5295032E600E8C770 /* Build configuration list for PBXProject "ExpensesList" */;
			compatibilityVersion = "Xcode 14.0";
			developmentRegion = en;
			hasScannedForEncodings = 0;
			knownRegions = (
				en,
				Base,
			);
			mainGroup = 2C64B3A1295032E600E8C770;
			productRefGroup = 2C64B3AB295032E600E8C770 /* Products */;
			projectDirPath = "";
			projectRoot = "";
			targets = (
				2C64B3A9295032E600E8C770 /* ExpensesList */,
			);
		};
/* End PBXProject section */

/* Begin PBXResourcesBuildPhase section */
		2C64B3A8295032E600E8C770 /* Resources */ = {
			isa = PBXResourcesBuildPhase;
			buildActionMask = 2147483647;
			files = (
				2C64B3B5295032E700E8C770 /* Preview Assets.xcassets in Resources */,
				2C82B5F32A6E5754005AA96E /* Lugrasimo-Regular.ttf in Resources */,
				2C64B3B2295032E700E8C770 /* Assets.xcassets in Resources */,
			);
			runOnlyForDeploymentPostprocessing = 0;
		};
/* End PBXResourcesBuildPhase section */

/* Begin PBXSourcesBuildPhase section */
		2C64B3A6295032E600E8C770 /* Sources */ = {
			isa = PBXSourcesBuildPhase;
			buildActionMask = 2147483647;
			files = (
				2CDCF0E029C7A04600914E5B /* Background.swift in Sources */,
				2C227BB229C6253700EE1822 /* CustomAnimationView.swift in Sources */,
				2C64B3BC2950350800E8C770 /* AddView.swift in Sources */,
				2C533D5B2A7A56EB00EA0944 /* ExpensesRow.swift in Sources */,
				2C533D5D2A7A58F300EA0944 /* DateFormator.swift in Sources */,
				2CDCF0E229C7A0B200914E5B /* CustomPath.swift in Sources */,
				2C663D51298EA817001DFDC8 /* TextFieldModifier.swift in Sources */,
				2C92724929AFAE1A004E64BB /* AddViewModel.swift in Sources */,
				2C92724B29AFAE43004E64BB /* AddModel.swift in Sources */,
				2C64B3B0295032E600E8C770 /* ExpensesView.swift in Sources */,
				2C64B3AE295032E600E8C770 /* ExpensesListApp.swift in Sources */,
				2C663D4E298EA5A0001DFDC8 /* ExpensesModel.swift in Sources */,
				2C6FE71F29C743EF00ED98B4 /* Greeting.swift in Sources */,
				2CB4140E2959DAF4009B0D13 /* ExpensesViewModel.swift in Sources */,
				2C82B5FB2A6E5F29005AA96E /* Modifiers.swift in Sources */,
			);
			runOnlyForDeploymentPostprocessing = 0;
		};
/* End PBXSourcesBuildPhase section */

/* Begin XCBuildConfiguration section */
		2C64B3B6295032E700E8C770 /* Debug */ = {
			isa = XCBuildConfiguration;
			buildSettings = {
				ALWAYS_SEARCH_USER_PATHS = NO;
				CLANG_ANALYZER_NONNULL = YES;
				CLANG_ANALYZER_NUMBER_OBJECT_CONVERSION = YES_AGGRESSIVE;
				CLANG_CXX_LANGUAGE_STANDARD = "gnu++20";
				CLANG_ENABLE_MODULES = YES;
				CLANG_ENABLE_OBJC_ARC = YES;
				CLANG_ENABLE_OBJC_WEAK = YES;
				CLANG_WARN_BLOCK_CAPTURE_AUTORELEASING = YES;
				CLANG_WARN_BOOL_CONVERSION = YES;
				CLANG_WARN_COMMA = YES;
				CLANG_WARN_CONSTANT_CONVERSION = YES;
				CLANG_WARN_DEPRECATED_OBJC_IMPLEMENTATIONS = YES;
				CLANG_WARN_DIRECT_OBJC_ISA_USAGE = YES_ERROR;
				CLANG_WARN_DOCUMENTATION_COMMENTS = YES;
				CLANG_WARN_EMPTY_BODY = YES;
				CLANG_WARN_ENUM_CONVERSION = YES;
				CLANG_WARN_INFINITE_RECURSION = YES;
				CLANG_WARN_INT_CONVERSION = YES;
				CLANG_WARN_NON_LITERAL_NULL_CONVERSION = YES;
				CLANG_WARN_OBJC_IMPLICIT_RETAIN_SELF = YES;
				CLANG_WARN_OBJC_LITERAL_CONVERSION = YES;
				CLANG_WARN_OBJC_ROOT_CLASS = YES_ERROR;
				CLANG_WARN_QUOTED_INCLUDE_IN_FRAMEWORK_HEADER = YES;
				CLANG_WARN_RANGE_LOOP_ANALYSIS = YES;
				CLANG_WARN_STRICT_PROTOTYPES = YES;
				CLANG_WARN_SUSPICIOUS_MOVE = YES;
				CLANG_WARN_UNGUARDED_AVAILABILITY = YES_AGGRESSIVE;
				CLANG_WARN_UNREACHABLE_CODE = YES;
				CLANG_WARN__DUPLICATE_METHOD_MATCH = YES;
				COPY_PHASE_STRIP = NO;
				DEBUG_INFORMATION_FORMAT = dwarf;
				ENABLE_STRICT_OBJC_MSGSEND = YES;
				ENABLE_TESTABILITY = YES;
				GCC_C_LANGUAGE_STANDARD = gnu11;
				GCC_DYNAMIC_NO_PIC = NO;
				GCC_NO_COMMON_BLOCKS = YES;
				GCC_OPTIMIZATION_LEVEL = 0;
				GCC_PREPROCESSOR_DEFINITIONS = (
					"DEBUG=1",
					"$(inherited)",
				);
				GCC_WARN_64_TO_32_BIT_CONVERSION = YES;
				GCC_WARN_ABOUT_RETURN_TYPE = YES_ERROR;
				GCC_WARN_UNDECLARED_SELECTOR = YES;
				GCC_WARN_UNINITIALIZED_AUTOS = YES_AGGRESSIVE;
				GCC_WARN_UNUSED_FUNCTION = YES;
				GCC_WARN_UNUSED_VARIABLE = YES;
				IPHONEOS_DEPLOYMENT_TARGET = 16.1;
				MTL_ENABLE_DEBUG_INFO = INCLUDE_SOURCE;
				MTL_FAST_MATH = YES;
				ONLY_ACTIVE_ARCH = YES;
				SDKROOT = iphoneos;
				SWIFT_ACTIVE_COMPILATION_CONDITIONS = DEBUG;
				SWIFT_OPTIMIZATION_LEVEL = "-Onone";
			};
			name = Debug;
		};
		2C64B3B7295032E700E8C770 /* Release */ = {
			isa = XCBuildConfiguration;
			buildSettings = {
				ALWAYS_SEARCH_USER_PATHS = NO;
				CLANG_ANALYZER_NONNULL = YES;
				CLANG_ANALYZER_NUMBER_OBJECT_CONVERSION = YES_AGGRESSIVE;
				CLANG_CXX_LANGUAGE_STANDARD = "gnu++20";
				CLANG_ENABLE_MODULES = YES;
				CLANG_ENABLE_OBJC_ARC = YES;
				CLANG_ENABLE_OBJC_WEAK = YES;
				CLANG_WARN_BLOCK_CAPTURE_AUTORELEASING = YES;
				CLANG_WARN_BOOL_CONVERSION = YES;
				CLANG_WARN_COMMA = YES;
				CLANG_WARN_CONSTANT_CONVERSION = YES;
				CLANG_WARN_DEPRECATED_OBJC_IMPLEMENTATIONS = YES;
				CLANG_WARN_DIRECT_OBJC_ISA_USAGE = YES_ERROR;
				CLANG_WARN_DOCUMENTATION_COMMENTS = YES;
				CLANG_WARN_EMPTY_BODY = YES;
				CLANG_WARN_ENUM_CONVERSION = YES;
				CLANG_WARN_INFINITE_RECURSION = YES;
				CLANG_WARN_INT_CONVERSION = YES;
				CLANG_WARN_NON_LITERAL_NULL_CONVERSION = YES;
				CLANG_WARN_OBJC_IMPLICIT_RETAIN_SELF = YES;
				CLANG_WARN_OBJC_LITERAL_CONVERSION = YES;
				CLANG_WARN_OBJC_ROOT_CLASS = YES_ERROR;
				CLANG_WARN_QUOTED_INCLUDE_IN_FRAMEWORK_HEADER = YES;
				CLANG_WARN_RANGE_LOOP_ANALYSIS = YES;
				CLANG_WARN_STRICT_PROTOTYPES = YES;
				CLANG_WARN_SUSPICIOUS_MOVE = YES;
				CLANG_WARN_UNGUARDED_AVAILABILITY = YES_AGGRESSIVE;
				CLANG_WARN_UNREACHABLE_CODE = YES;
				CLANG_WARN__DUPLICATE_METHOD_MATCH = YES;
				COPY_PHASE_STRIP = NO;
				DEBUG_INFORMATION_FORMAT = "dwarf-with-dsym";
				ENABLE_NS_ASSERTIONS = NO;
				ENABLE_STRICT_OBJC_MSGSEND = YES;
				GCC_C_LANGUAGE_STANDARD = gnu11;
				GCC_NO_COMMON_BLOCKS = YES;
				GCC_WARN_64_TO_32_BIT_CONVERSION = YES;
				GCC_WARN_ABOUT_RETURN_TYPE = YES_ERROR;
				GCC_WARN_UNDECLARED_SELECTOR = YES;
				GCC_WARN_UNINITIALIZED_AUTOS = YES_AGGRESSIVE;
				GCC_WARN_UNUSED_FUNCTION = YES;
				GCC_WARN_UNUSED_VARIABLE = YES;
				IPHONEOS_DEPLOYMENT_TARGET = 16.1;
				MTL_ENABLE_DEBUG_INFO = NO;
				MTL_FAST_MATH = YES;
				SDKROOT = iphoneos;
				SWIFT_COMPILATION_MODE = wholemodule;
				SWIFT_OPTIMIZATION_LEVEL = "-O";
				VALIDATE_PRODUCT = YES;
			};
			name = Release;
		};
		2C64B3B9295032E700E8C770 /* Debug */ = {
			isa = XCBuildConfiguration;
			buildSettings = {
				ASSETCATALOG_COMPILER_APPICON_NAME = AppIcon;
				ASSETCATALOG_COMPILER_GLOBAL_ACCENT_COLOR_NAME = AccentColor;
				CODE_SIGN_STYLE = Automatic;
				CURRENT_PROJECT_VERSION = 1;
				DEVELOPMENT_ASSET_PATHS = "\"ExpensesList/Source/Preview Content\"";
				ENABLE_PREVIEWS = YES;
				GENERATE_INFOPLIST_FILE = YES;
				INFOPLIST_FILE = ExpensesList/Source/Info.plist;
				INFOPLIST_KEY_UIApplicationSupportsIndirectInputEvents = YES;
				INFOPLIST_KEY_UILaunchScreen_Generation = YES;
				INFOPLIST_KEY_UISupportedInterfaceOrientations_iPad = "UIInterfaceOrientationPortrait UIInterfaceOrientationPortraitUpsideDown UIInterfaceOrientationLandscapeLeft UIInterfaceOrientationLandscapeRight";
				INFOPLIST_KEY_UISupportedInterfaceOrientations_iPhone = "UIInterfaceOrientationPortrait UIInterfaceOrientationLandscapeLeft UIInterfaceOrientationLandscapeRight";
				LD_RUNPATH_SEARCH_PATHS = (
					"$(inherited)",
					"@executable_path/Frameworks",
				);
				MARKETING_VERSION = 1.0;
				PRODUCT_BUNDLE_IDENTIFIER = Alex.ExpensesList;
				PRODUCT_NAME = "$(TARGET_NAME)";
				SWIFT_EMIT_LOC_STRINGS = YES;
				SWIFT_VERSION = 5.0;
				TARGETED_DEVICE_FAMILY = "1,2";
			};
			name = Debug;
		};
		2C64B3BA295032E700E8C770 /* Release */ = {
			isa = XCBuildConfiguration;
			buildSettings = {
				ASSETCATALOG_COMPILER_APPICON_NAME = AppIcon;
				ASSETCATALOG_COMPILER_GLOBAL_ACCENT_COLOR_NAME = AccentColor;
				CODE_SIGN_STYLE = Automatic;
				CURRENT_PROJECT_VERSION = 1;
				DEVELOPMENT_ASSET_PATHS = "\"ExpensesList/Source/Preview Content\"";
				ENABLE_PREVIEWS = YES;
				GENERATE_INFOPLIST_FILE = YES;
				INFOPLIST_FILE = ExpensesList/Source/Info.plist;
				INFOPLIST_KEY_UIApplicationSupportsIndirectInputEvents = YES;
				INFOPLIST_KEY_UILaunchScreen_Generation = YES;
				INFOPLIST_KEY_UISupportedInterfaceOrientations_iPad = "UIInterfaceOrientationPortrait UIInterfaceOrientationPortraitUpsideDown UIInterfaceOrientationLandscapeLeft UIInterfaceOrientationLandscapeRight";
				INFOPLIST_KEY_UISupportedInterfaceOrientations_iPhone = "UIInterfaceOrientationPortrait UIInterfaceOrientationLandscapeLeft UIInterfaceOrientationLandscapeRight";
				LD_RUNPATH_SEARCH_PATHS = (
					"$(inherited)",
					"@executable_path/Frameworks",
				);
				MARKETING_VERSION = 1.0;
				PRODUCT_BUNDLE_IDENTIFIER = Alex.ExpensesList;
				PRODUCT_NAME = "$(TARGET_NAME)";
				SWIFT_EMIT_LOC_STRINGS = YES;
				SWIFT_VERSION = 5.0;
				TARGETED_DEVICE_FAMILY = "1,2";
			};
			name = Release;
		};
/* End XCBuildConfiguration section */

/* Begin XCConfigurationList section */
		2C64B3A5295032E600E8C770 /* Build configuration list for PBXProject "ExpensesList" */ = {
			isa = XCConfigurationList;
			buildConfigurations = (
				2C64B3B6295032E700E8C770 /* Debug */,
				2C64B3B7295032E700E8C770 /* Release */,
			);
			defaultConfigurationIsVisible = 0;
			defaultConfigurationName = Release;
		};
		2C64B3B8295032E700E8C770 /* Build configuration list for PBXNativeTarget "ExpensesList" */ = {
			isa = XCConfigurationList;
			buildConfigurations = (
				2C64B3B9295032E700E8C770 /* Debug */,
				2C64B3BA295032E700E8C770 /* Release */,
			);
			defaultConfigurationIsVisible = 0;
			defaultConfigurationName = Release;
		};
/* End XCConfigurationList section */
	};
	rootObject = 2C64B3A2295032E600E8C770 /* Project object */;
}
